
Microsoft Visual Studio Solution File, Format Version 12.00
# Visual Studio Version 17
VisualStudioVersion = 17.5.33424.131
MinimumVisualStudioVersion = 10.0.40219.1
Project("{9A19103F-16F7-4668-BE54-9A1E7A4F7556}") = "Collection", "CardCollector.Net6\Collection.csproj", "{AAB75844-B5D1-43FC-8FE1-9EC63C0389CC}"
EndProject
Project("{9A19103F-16F7-4668-BE54-9A1E7A4F7556}") = "OcelotAPIGateway", "OcelotAPIGateway\OcelotAPIGateway.csproj", "{3A0B7E74-F384-4983-8501-3ACB7F0D2777}"
EndProject
Project("{9A19103F-16F7-4668-BE54-9A1E7A4F7556}") = "Deckbuilder", "Deckbuilder\Deckbuilder.csproj", "{6D09AEB7-9B67-4D5D-94EF-2F374E075010}"
EndProject
Project("{9A19103F-16F7-4668-BE54-9A1E7A4F7556}") = "Merge", "Merge\Merge.csproj", "{92158AFD-721E-41C7-9317-0F35D8239367}"
EndProject
Project("{9A19103F-16F7-4668-BE54-9A1E7A4F7556}") = "Shop", "Shop\Shop.csproj", "{32A060AD-6C24-4793-9F29-CAC866FA62DE}"
EndProject
Project("{FAE04EC0-301F-11D3-BF4B-00C04F79EFBC}") = "CollectionTest", "CollectionTest\CollectionTest.csproj", "{442D4455-0DD3-4EE5-999E-1E6043813F22}"
EndProject
Project("{FAE04EC0-301F-11D3-BF4B-00C04F79EFBC}") = "DeckbuilderTest", "DeckbuilderTest\DeckbuilderTest.csproj", "{B5E3B00F-E37B-49DC-9B6B-7A5E2A2B58EE}"
EndProject
Project("{FAE04EC0-301F-11D3-BF4B-00C04F79EFBC}") = "MergeTest", "MergeTest\MergeTest.csproj", "{35F7F82F-7466-4202-B1F3-3EAD08862797}"
EndProject
Project("{FAE04EC0-301F-11D3-BF4B-00C04F79EFBC}") = "ShopTest", "ShopTest\ShopTest.csproj", "{EF0EDA8F-8F5F-45B8-836E-12E1BC7E4F09}"
EndProject
Global
	GlobalSection(SolutionConfigurationPlatforms) = preSolution
		Debug|Any CPU = Debug|Any CPU
		Release|Any CPU = Release|Any CPU
	EndGlobalSection
	GlobalSection(ProjectConfigurationPlatforms) = postSolution
		{AAB75844-B5D1-43FC-8FE1-9EC63C0389CC}.Debug|Any CPU.ActiveCfg = Debug|Any CPU
		{AAB75844-B5D1-43FC-8FE1-9EC63C0389CC}.Debug|Any CPU.Build.0 = Debug|Any CPU
		{AAB75844-B5D1-43FC-8FE1-9EC63C0389CC}.Release|Any CPU.ActiveCfg = Release|Any CPU
		{AAB75844-B5D1-43FC-8FE1-9EC63C0389CC}.Release|Any CPU.Build.0 = Release|Any CPU
		{3A0B7E74-F384-4983-8501-3ACB7F0D2777}.Debug|Any CPU.ActiveCfg = Debug|Any CPU
		{3A0B7E74-F384-4983-8501-3ACB7F0D2777}.Debug|Any CPU.Build.0 = Debug|Any CPU
		{3A0B7E74-F384-4983-8501-3ACB7F0D2777}.Release|Any CPU.ActiveCfg = Release|Any CPU
		{3A0B7E74-F384-4983-8501-3ACB7F0D2777}.Release|Any CPU.Build.0 = Release|Any CPU
		{6D09AEB7-9B67-4D5D-94EF-2F374E075010}.Debug|Any CPU.ActiveCfg = Debug|Any CPU
		{6D09AEB7-9B67-4D5D-94EF-2F374E075010}.Debug|Any CPU.Build.0 = Debug|Any CPU
		{6D09AEB7-9B67-4D5D-94EF-2F374E075010}.Release|Any CPU.ActiveCfg = Release|Any CPU
		{6D09AEB7-9B67-4D5D-94EF-2F374E075010}.Release|Any CPU.Build.0 = Release|Any CPU
		{92158AFD-721E-41C7-9317-0F35D8239367}.Debug|Any CPU.ActiveCfg = Debug|Any CPU
		{92158AFD-721E-41C7-9317-0F35D8239367}.Debug|Any CPU.Build.0 = Debug|Any CPU
		{92158AFD-721E-41C7-9317-0F35D8239367}.Release|Any CPU.ActiveCfg = Release|Any CPU
		{92158AFD-721E-41C7-9317-0F35D8239367}.Release|Any CPU.Build.0 = Release|Any CPU
		{32A060AD-6C24-4793-9F29-CAC866FA62DE}.Debug|Any CPU.ActiveCfg = Debug|Any CPU
		{32A060AD-6C24-4793-9F29-CAC866FA62DE}.Debug|Any CPU.Build.0 = Debug|Any CPU
		{32A060AD-6C24-4793-9F29-CAC866FA62DE}.Release|Any CPU.ActiveCfg = Release|Any CPU
		{32A060AD-6C24-4793-9F29-CAC866FA62DE}.Release|Any CPU.Build.0 = Release|Any CPU
		{442D4455-0DD3-4EE5-999E-1E6043813F22}.Debug|Any CPU.ActiveCfg = Debug|Any CPU
		{442D4455-0DD3-4EE5-999E-1E6043813F22}.Debug|Any CPU.Build.0 = Debug|Any CPU
		{442D4455-0DD3-4EE5-999E-1E6043813F22}.Release|Any CPU.ActiveCfg = Release|Any CPU
		{442D4455-0DD3-4EE5-999E-1E6043813F22}.Release|Any CPU.Build.0 = Release|Any CPU
		{B5E3B00F-E37B-49DC-9B6B-7A5E2A2B58EE}.Debug|Any CPU.ActiveCfg = Debug|Any CPU
		{B5E3B00F-E37B-49DC-9B6B-7A5E2A2B58EE}.Debug|Any CPU.Build.0 = Debug|Any CPU
		{B5E3B00F-E37B-49DC-9B6B-7A5E2A2B58EE}.Release|Any CPU.ActiveCfg = Release|Any CPU
		{B5E3B00F-E37B-49DC-9B6B-7A5E2A2B58EE}.Release|Any CPU.Build.0 = Release|Any CPU
		{35F7F82F-7466-4202-B1F3-3EAD08862797}.Debug|Any CPU.ActiveCfg = Debug|Any CPU
		{35F7F82F-7466-4202-B1F3-3EAD08862797}.Debug|Any CPU.Build.0 = Debug|Any CPU
		{35F7F82F-7466-4202-B1F3-3EAD08862797}.Release|Any CPU.ActiveCfg = Release|Any CPU
		{35F7F82F-7466-4202-B1F3-3EAD08862797}.Release|Any CPU.Build.0 = Release|Any CPU
		{EF0EDA8F-8F5F-45B8-836E-12E1BC7E4F09}.Debug|Any CPU.ActiveCfg = Debug|Any CPU
		{EF0EDA8F-8F5F-45B8-836E-12E1BC7E4F09}.Debug|Any CPU.Build.0 = Debug|Any CPU
		{EF0EDA8F-8F5F-45B8-836E-12E1BC7E4F09}.Release|Any CPU.ActiveCfg = Release|Any CPU
		{EF0EDA8F-8F5F-45B8-836E-12E1BC7E4F09}.Release|Any CPU.Build.0 = Release|Any CPU
	EndGlobalSection
	GlobalSection(SolutionProperties) = preSolution
		HideSolutionNode = FALSE
	EndGlobalSection
	GlobalSection(ExtensibilityGlobals) = postSolution
		SolutionGuid = {7B74A6D5-83C2-4F2A-9EF8-3BFB8D251401}
	EndGlobalSection
EndGlobal
